// !$*UTF8*$!
{
	archiveVersion = 1;
	classes = {
	};
	objectVersion = 46;
	objects = {

/* Begin PBXBuildFile section */
		FA6E68B91D75E678000E3DE1 /* AppDelegate.swift in Sources */ = {isa = PBXBuildFile; fileRef = FA6E68B81D75E678000E3DE1 /* AppDelegate.swift */; };
		FA6E68BB1D75E678000E3DE1 /* ViewController.swift in Sources */ = {isa = PBXBuildFile; fileRef = FA6E68BA1D75E678000E3DE1 /* ViewController.swift */; };
		FA6E68BE1D75E678000E3DE1 /* Main.storyboard in Resources */ = {isa = PBXBuildFile; fileRef = FA6E68BC1D75E678000E3DE1 /* Main.storyboard */; };
		FA6E68C01D75E678000E3DE1 /* Assets.xcassets in Resources */ = {isa = PBXBuildFile; fileRef = FA6E68BF1D75E678000E3DE1 /* Assets.xcassets */; };
		FA6E68C31D75E678000E3DE1 /* LaunchScreen.storyboard in Resources */ = {isa = PBXBuildFile; fileRef = FA6E68C11D75E678000E3DE1 /* LaunchScreen.storyboard */; };
		FA6E68CB1D75EA5E000E3DE1 /* Pokemon.swift in Sources */ = {isa = PBXBuildFile; fileRef = FA6E68CA1D75EA5E000E3DE1 /* Pokemon.swift */; };
		FA6E68CD1D75F273000E3DE1 /* NetworkController.swift in Sources */ = {isa = PBXBuildFile; fileRef = FA6E68CC1D75F273000E3DE1 /* NetworkController.swift */; };
/* End PBXBuildFile section */

/* Begin PBXFileReference section */
		FA6E68B51D75E678000E3DE1 /* Pokedex.app */ = {isa = PBXFileReference; explicitFileType = wrapper.application; includeInIndex = 0; path = Pokedex.app; sourceTree = BUILT_PRODUCTS_DIR; };
		FA6E68B81D75E678000E3DE1 /* AppDelegate.swift */ = {isa = PBXFileReference; lastKnownFileType = sourcecode.swift; path = AppDelegate.swift; sourceTree = "<group>"; };
		FA6E68BA1D75E678000E3DE1 /* ViewController.swift */ = {isa = PBXFileReference; lastKnownFileType = sourcecode.swift; path = ViewController.swift; sourceTree = "<group>"; };
		FA6E68BD1D75E678000E3DE1 /* Base */ = {isa = PBXFileReference; lastKnownFileType = file.storyboard; name = Base; path = Base.lproj/Main.storyboard; sourceTree = "<group>"; };
		FA6E68BF1D75E678000E3DE1 /* Assets.xcassets */ = {isa = PBXFileReference; lastKnownFileType = folder.assetcatalog; path = Assets.xcassets; sourceTree = "<group>"; };
		FA6E68C21D75E678000E3DE1 /* Base */ = {isa = PBXFileReference; lastKnownFileType = file.storyboard; name = Base; path = Base.lproj/LaunchScreen.storyboard; sourceTree = "<group>"; };
		FA6E68C41D75E678000E3DE1 /* Info.plist */ = {isa = PBXFileReference; lastKnownFileType = text.plist.xml; path = Info.plist; sourceTree = "<group>"; };
		FA6E68CA1D75EA5E000E3DE1 /* Pokemon.swift */ = {isa = PBXFileReference; fileEncoding = 4; lastKnownFileType = sourcecode.swift; name = Pokemon.swift; path = ../Pokemon.swift; sourceTree = "<group>"; };
		FA6E68CC1D75F273000E3DE1 /* NetworkController.swift */ = {isa = PBXFileReference; fileEncoding = 4; lastKnownFileType = sourcecode.swift; path = NetworkController.swift; sourceTree = "<group>"; };
/* End PBXFileReference section */

/* Begin PBXFrameworksBuildPhase section */
		FA6E68B21D75E678000E3DE1 /* Frameworks */ = {
			isa = PBXFrameworksBuildPhase;
			buildActionMask = 2147483647;
			files = (
			);
			runOnlyForDeploymentPostprocessing = 0;
		};
/* End PBXFrameworksBuildPhase section */

/* Begin PBXGroup section */
		FA6E68AC1D75E678000E3DE1 = {
			isa = PBXGroup;
			children = (
				FA6E68CC1D75F273000E3DE1 /* NetworkController.swift */,
				FA6E68B71D75E678000E3DE1 /* Pokedex */,
				FA6E68B61D75E678000E3DE1 /* Products */,
			);
			sourceTree = "<group>";
		};
		FA6E68B61D75E678000E3DE1 /* Products */ = {
			isa = PBXGroup;
			children = (
				FA6E68B51D75E678000E3DE1 /* Pokedex.app */,
			);
			name = Products;
			sourceTree = "<group>";
		};
		FA6E68B71D75E678000E3DE1 /* Pokedex */ = {
			isa = PBXGroup;
			children = (
				FA6E68B81D75E678000E3DE1 /* AppDelegate.swift */,
				FA6E68CA1D75EA5E000E3DE1 /* Pokemon.swift */,
				FA6E68BA1D75E678000E3DE1 /* ViewController.swift */,
				FA6E68BC1D75E678000E3DE1 /* Main.storyboard */,
				FA6E68BF1D75E678000E3DE1 /* Assets.xcassets */,
				FA6E68C11D75E678000E3DE1 /* LaunchScreen.storyboard */,
				FA6E68C41D75E678000E3DE1 /* Info.plist */,
			);
			path = Pokedex;
			sourceTree = "<group>";
		};
/* End PBXGroup section */

/* Begin PBXNativeTarget section */
		FA6E68B41D75E678000E3DE1 /* Pokedex */ = {
			isa = PBXNativeTarget;
			buildConfigurationList = FA6E68C71D75E678000E3DE1 /* Build configuration list for PBXNativeTarget "Pokedex" */;
			buildPhases = (
				FA6E68B11D75E678000E3DE1 /* Sources */,
				FA6E68B21D75E678000E3DE1 /* Frameworks */,
				FA6E68B31D75E678000E3DE1 /* Resources */,
			);
			buildRules = (
			);
			dependencies = (
			);
			name = Pokedex;
			productName = Pokedex;
			productReference = FA6E68B51D75E678000E3DE1 /* Pokedex.app */;
			productType = "com.apple.product-type.application";
		};
/* End PBXNativeTarget section */

/* Begin PBXProject section */
		FA6E68AD1D75E678000E3DE1 /* Project object */ = {
			isa = PBXProject;
			attributes = {
				LastSwiftUpdateCheck = 0730;
				LastUpgradeCheck = 0730;
				ORGANIZATIONNAME = "Austin Blaser";
				TargetAttributes = {
					FA6E68B41D75E678000E3DE1 = {
						CreatedOnToolsVersion = 7.3.1;
					};
				};
			};
			buildConfigurationList = FA6E68B01D75E678000E3DE1 /* Build configuration list for PBXProject "Pokedex" */;
			compatibilityVersion = "Xcode 3.2";
			developmentRegion = English;
			hasScannedForEncodings = 0;
			knownRegions = (
				en,
				Base,
			);
			mainGroup = FA6E68AC1D75E678000E3DE1;
			productRefGroup = FA6E68B61D75E678000E3DE1 /* Products */;
			projectDirPath = "";
			projectRoot = "";
			targets = (
				FA6E68B41D75E678000E3DE1 /* Pokedex */,
			);
		};
/* End PBXProject section */

/* Begin PBXResourcesBuildPhase section */
		FA6E68B31D75E678000E3DE1 /* Resources */ = {
			isa = PBXResourcesBuildPhase;
			buildActionMask = 2147483647;
			files = (
				FA6E68C31D75E678000E3DE1 /* LaunchScreen.storyboard in Resources */,
				FA6E68C01D75E678000E3DE1 /* Assets.xcassets in Resources */,
				FA6E68BE1D75E678000E3DE1 /* Main.storyboard in Resources */,
			);
			runOnlyForDeploymentPostprocessing = 0;
		};
/* End PBXResourcesBuildPhase section */

/* Begin PBXSourcesBuildPhase section */
		FA6E68B11D75E678000E3DE1 /* Sources */ = {
			isa = PBXSourcesBuildPhase;
			buildActionMask = 2147483647;
			files = (
				FA6E68CD1D75F273000E3DE1 /* NetworkController.swift in Sources */,
				FA6E68BB1D75E678000E3DE1 /* ViewController.swift in Sources */,
				FA6E68B91D75E678000E3DE1 /* AppDelegate.swift in Sources */,
				FA6E68CB1D75EA5E000E3DE1 /* Pokemon.swift in Sources */,
			);
			runOnlyForDeploymentPostprocessing = 0;
		};
/* End PBXSourcesBuildPhase section */

/* Begin PBXVariantGroup section */
		FA6E68BC1D75E678000E3DE1 /* Main.storyboard */ = {
			isa = PBXVariantGroup;
			children = (
				FA6E68BD1D75E678000E3DE1 /* Base */,
			);
			name = Main.storyboard;
			sourceTree = "<group>";
		};
		FA6E68C11D75E678000E3DE1 /* LaunchScreen.storyboard */ = {
			isa = PBXVariantGroup;
			children = (
				FA6E68C21D75E678000E3DE1 /* Base */,
			);
			name = LaunchScreen.storyboard;
			sourceTree = "<group>";
		};
/* End PBXVariantGroup section */

/* Begin XCBuildConfiguration section */
		FA6E68C51D75E678000E3DE1 /* Debug */ = {
			isa = XCBuildConfiguration;
			buildSettings = {
				ALWAYS_SEARCH_USER_PATHS = NO;
				CLANG_ANALYZER_NONNULL = YES;
				CLANG_CXX_LANGUAGE_STANDARD = "gnu++0x";
				CLANG_CXX_LIBRARY = "libc++";
				CLANG_ENABLE_MODULES = YES;
				CLANG_ENABLE_OBJC_ARC = YES;
				CLANG_WARN_BOOL_CONVERSION = YES;
				CLANG_WARN_CONSTANT_CONVERSION = YES;
				CLANG_WARN_DIRECT_OBJC_ISA_USAGE = YES_ERROR;
				CLANG_WARN_EMPTY_BODY = YES;
				CLANG_WARN_ENUM_CONVERSION = YES;
				CLANG_WARN_INT_CONVERSION = YES;
				CLANG_WARN_OBJC_ROOT_CLASS = YES_ERROR;
				CLANG_WARN_UNREACHABLE_CODE = YES;
				CLANG_WARN__DUPLICATE_METHOD_MATCH = YES;
				"CODE_SIGN_IDENTITY[sdk=iphoneos*]" = "iPhone Developer";
				COPY_PHASE_STRIP = NO;
				DEBUG_INFORMATION_FORMAT = dwarf;
				ENABLE_STRICT_OBJC_MSGSEND = YES;
				ENABLE_TESTABILITY = YES;
				GCC_C_LANGUAGE_STANDARD = gnu99;
				GCC_DYNAMIC_NO_PIC = NO;
				GCC_NO_COMMON_BLOCKS = YES;
				GCC_OPTIMIZATION_LEVEL = 0;
				GCC_PREPROCESSOR_DEFINITIONS = (
					"DEBUG=1",
					"$(inherited)",
				);
				GCC_WARN_64_TO_32_BIT_CONVERSION = YES;
				GCC_WARN_ABOUT_RETURN_TYPE = YES_ERROR;
				GCC_WARN_UNDECLARED_SELECTOR = YES;
				GCC_WARN_UNINITIALIZED_AUTOS = YES_AGGRESSIVE;
				GCC_WARN_UNUSED_FUNCTION = YES;
				GCC_WARN_UNUSED_VARIABLE = YES;
				IPHONEOS_DEPLOYMENT_TARGET = 9.3;
				MTL_ENABLE_DEBUG_INFO = YES;
				ONLY_ACTIVE_ARCH = YES;
				SDKROOT = iphoneos;
				SWIFT_OPTIMIZATION_LEVEL = "-Onone";
				TARGETED_DEVICE_FAMILY = "1,2";
			};
			name = Debug;
		};
		FA6E68C61D75E678000E3DE1 /* Release */ = {
			isa = XCBuildConfiguration;
			buildSettings = {
				ALWAYS_SEARCH_USER_PATHS = NO;
				CLANG_ANALYZER_NONNULL = YES;
				CLANG_CXX_LANGUAGE_STANDARD = "gnu++0x";
				CLANG_CXX_LIBRARY = "libc++";
				CLANG_ENABLE_MODULES = YES;
				CLANG_ENABLE_OBJC_ARC = YES;
				CLANG_WARN_BOOL_CONVERSION = YES;
				CLANG_WARN_CONSTANT_CONVERSION = YES;
				CLANG_WARN_DIRECT_OBJC_ISA_USAGE = YES_ERROR;
				CLANG_WARN_EMPTY_BODY = YES;
				CLANG_WARN_ENUM_CONVERSION = YES;
				CLANG_WARN_INT_CONVERSION = YES;
				CLANG_WARN_OBJC_ROOT_CLASS = YES_ERROR;
				CLANG_WARN_UNREACHABLE_CODE = YES;
				CLANG_WARN__DUPLICATE_METHOD_MATCH = YES;
				"CODE_SIGN_IDENTITY[sdk=iphoneos*]" = "iPhone Developer";
				COPY_PHASE_STRIP = NO;
				DEBUG_INFORMATION_FORMAT = "dwarf-with-dsym";
				ENABLE_NS_ASSERTIONS = NO;
				ENABLE_STRICT_OBJC_MSGSEND = YES;
				GCC_C_LANGUAGE_STANDARD = gnu99;
				GCC_NO_COMMON_BLOCKS = YES;
				GCC_WARN_64_TO_32_BIT_CONVERSION = YES;
				GCC_WARN_ABOUT_RETURN_TYPE = YES_ERROR;
				GCC_WARN_UNDECLARED_SELECTOR = YES;
				GCC_WARN_UNINITIALIZED_AUTOS = YES_AGGRESSIVE;
				GCC_WARN_UNUSED_FUNCTION = YES;
				GCC_WARN_UNUSED_VARIABLE = YES;
				IPHONEOS_DEPLOYMENT_TARGET = 9.3;
				MTL_ENABLE_DEBUG_INFO = NO;
				SDKROOT = iphoneos;
				TARGETED_DEVICE_FAMILY = "1,2";
				VALIDATE_PRODUCT = YES;
			};
			name = Release;
		};
		FA6E68C81D75E678000E3DE1 /* Debug */ = {
			isa = XCBuildConfiguration;
			buildSettings = {
				ASSETCATALOG_COMPILER_APPICON_NAME = AppIcon;
				INFOPLIST_FILE = Pokedex/Info.plist;
				LD_RUNPATH_SEARCH_PATHS = "$(inherited) @executable_path/Frameworks";
				PRODUCT_BUNDLE_IDENTIFIER = com.AustinBlaser.Pokedex;
				PRODUCT_NAME = "$(TARGET_NAME)";
			};
			name = Debug;
		};
		FA6E68C91D75E678000E3DE1 /* Release */ = {
			isa = XCBuildConfiguration;
			buildSettings = {
				ASSETCATALOG_COMPILER_APPICON_NAME = AppIcon;
				INFOPLIST_FILE = Pokedex/Info.plist;
				LD_RUNPATH_SEARCH_PATHS = "$(inherited) @executable_path/Frameworks";
				PRODUCT_BUNDLE_IDENTIFIER = com.AustinBlaser.Pokedex;
				PRODUCT_NAME = "$(TARGET_NAME)";
			};
			name = Release;
		};
/* End XCBuildConfiguration section */

/* Begin XCConfigurationList section */
		FA6E68B01D75E678000E3DE1 /* Build configuration list for PBXProject "Pokedex" */ = {
			isa = XCConfigurationList;
			buildConfigurations = (
				FA6E68C51D75E678000E3DE1 /* Debug */,
				FA6E68C61D75E678000E3DE1 /* Release */,
			);
			defaultConfigurationIsVisible = 0;
			defaultConfigurationName = Release;
		};
		FA6E68C71D75E678000E3DE1 /* Build configuration list for PBXNativeTarget "Pokedex" */ = {
			isa = XCConfigurationList;
			buildConfigurations = (
				FA6E68C81D75E678000E3DE1 /* Debug */,
				FA6E68C91D75E678000E3DE1 /* Release */,
			);
			defaultConfigurationIsVisible = 0;
			defaultConfigurationName = Release;
		};
/* End XCConfigurationList section */
	};
	rootObject = FA6E68AD1D75E678000E3DE1 /* Project object */;
}
